
Microsoft Visual Studio Solution File, Format Version 12.00
# Visual Studio Version 17
VisualStudioVersion = 17.4.33122.133
MinimumVisualStudioVersion = 10.0.40219.1
Project("{9A19103F-16F7-4668-BE54-9A1E7A4F7556}") = "BlazorPortals", "src\BlazorPortals\BlazorPortals.csproj", "{3F584A46-4599-426D-A4C5-F5E7B2D50DE6}"
EndProject
Project("{9A19103F-16F7-4668-BE54-9A1E7A4F7556}") = "BlazorPortals.Example.Wasm", "examples\BlazorPortals.Example.Wasm\BlazorPortals.Example.Wasm.csproj", "{F4171029-F960-4F94-B27B-709CB84F04CF}"
EndProject
Project("{9A19103F-16F7-4668-BE54-9A1E7A4F7556}") = "BlazorPortals.Example.Server", "examples\BlazorPortals.Example.Server\BlazorPortals.Example.Server.csproj", "{F7AFF0AF-AC77-4364-8391-5F66709B90EE}"
EndProject
Project("{2150E333-8FDC-42A3-9474-1A3956D46DE8}") = "Examples", "Examples", "{689B8938-B8A5-40D7-A8D6-46135ACB2693}"
EndProject
Project("{9A19103F-16F7-4668-BE54-9A1E7A4F7556}") = "BlazorPortals.Example.Popper", "examples\BlazorPortals.Example.Popper\BlazorPortals.Example.Popper.csproj", "{8A1932BF-1770-4A68-851A-90A6F0829F32}"
EndProject
Global
	GlobalSection(SolutionConfigurationPlatforms) = preSolution
		Debug|Any CPU = Debug|Any CPU
		Release|Any CPU = Release|Any CPU
	EndGlobalSection
	GlobalSection(ProjectConfigurationPlatforms) = postSolution
		{3F584A46-4599-426D-A4C5-F5E7B2D50DE6}.Debug|Any CPU.ActiveCfg = Debug|Any CPU
		{3F584A46-4599-426D-A4C5-F5E7B2D50DE6}.Debug|Any CPU.Build.0 = Debug|Any CPU
		{3F584A46-4599-426D-A4C5-F5E7B2D50DE6}.Release|Any CPU.ActiveCfg = Release|Any CPU
		{3F584A46-4599-426D-A4C5-F5E7B2D50DE6}.Release|Any CPU.Build.0 = Release|Any CPU
		{F4171029-F960-4F94-B27B-709CB84F04CF}.Debug|Any CPU.ActiveCfg = Debug|Any CPU
		{F4171029-F960-4F94-B27B-709CB84F04CF}.Debug|Any CPU.Build.0 = Debug|Any CPU
		{F4171029-F960-4F94-B27B-709CB84F04CF}.Release|Any CPU.ActiveCfg = Release|Any CPU
		{F4171029-F960-4F94-B27B-709CB84F04CF}.Release|Any CPU.Build.0 = Release|Any CPU
		{F7AFF0AF-AC77-4364-8391-5F66709B90EE}.Debug|Any CPU.ActiveCfg = Debug|Any CPU
		{F7AFF0AF-AC77-4364-8391-5F66709B90EE}.Debug|Any CPU.Build.0 = Debug|Any CPU
		{F7AFF0AF-AC77-4364-8391-5F66709B90EE}.Release|Any CPU.ActiveCfg = Release|Any CPU
		{F7AFF0AF-AC77-4364-8391-5F66709B90EE}.Release|Any CPU.Build.0 = Release|Any CPU
		{8A1932BF-1770-4A68-851A-90A6F0829F32}.Debug|Any CPU.ActiveCfg = Debug|Any CPU
		{8A1932BF-1770-4A68-851A-90A6F0829F32}.Debug|Any CPU.Build.0 = Debug|Any CPU
		{8A1932BF-1770-4A68-851A-90A6F0829F32}.Release|Any CPU.ActiveCfg = Release|Any CPU
		{8A1932BF-1770-4A68-851A-90A6F0829F32}.Release|Any CPU.Build.0 = Release|Any CPU
	EndGlobalSection
	GlobalSection(SolutionProperties) = preSolution
		HideSolutionNode = FALSE
	EndGlobalSection
	GlobalSection(NestedProjects) = preSolution
		{F4171029-F960-4F94-B27B-709CB84F04CF} = {689B8938-B8A5-40D7-A8D6-46135ACB2693}
		{F7AFF0AF-AC77-4364-8391-5F66709B90EE} = {689B8938-B8A5-40D7-A8D6-46135ACB2693}
		{8A1932BF-1770-4A68-851A-90A6F0829F32} = {689B8938-B8A5-40D7-A8D6-46135ACB2693}
	EndGlobalSection
	GlobalSection(ExtensibilityGlobals) = postSolution
		SolutionGuid = {CA6F6F56-9AD8-419F-BD5D-B542015C92DB}
	EndGlobalSection
EndGlobal
